Microsoft Visual Studio Solution File, Format Version 12.00
# Visual Studio Version 17
VisualStudioVersion = 17.5.2.0
MinimumVisualStudioVersion = 10.0.40219.1
Project("{FAE04EC0-301F-11D3-BF4B-00C04F79EFBC}") = "StudentDb", "StudentDb.csproj", "{0CE38DA9-B7E8-2665-1963-367F449C020B}"
EndProject
Global
	GlobalSection(SolutionConfigurationPlatforms) = preSolution
		Debug|Any CPU = Debug|Any CPU
		Release|Any CPU = Release|Any CPU
	EndGlobalSection
	GlobalSection(ProjectConfigurationPlatforms) = postSolution
		{0CE38DA9-B7E8-2665-1963-367F449C020B}.Debug|Any CPU.ActiveCfg = Debug|Any CPU
		{0CE38DA9-B7E8-2665-1963-367F449C020B}.Debug|Any CPU.Build.0 = Debug|Any CPU
		{0CE38DA9-B7E8-2665-1963-367F449C020B}.Release|Any CPU.ActiveCfg = Release|Any CPU
		{0CE38DA9-B7E8-2665-1963-367F449C020B}.Release|Any CPU.Build.0 = Release|Any CPU
	EndGlobalSection
	GlobalSection(SolutionProperties) = preSolution
		HideSolutionNode = FALSE
	EndGlobalSection
	GlobalSection(ExtensibilityGlobals) = postSolution
		SolutionGuid = {3D9CD68C-5854-4C14-9B4B-B6802A37EE2B}
	EndGlobalSection
EndGlobal
